# THIS IS AN AUTOGENERATED FILE. DO NOT EDIT THIS FILE DIRECTLY.
# yarn lockfile v1


"@babel/runtime@^7.1.2":
  version "7.2.0"
  resolved "https://registry.yarnpkg.com/@babel/runtime/-/runtime-7.2.0.tgz#b03e42eeddf5898e00646e4c840fa07ba8dcad7f"
  integrity sha512-oouEibCbHMVdZSDlJBO6bZmID/zA/G/Qx3H1d3rSNPTD+L8UNKvCat7aKWSJ74zYbm5zWGh0GQN0hKj8zYFTCg==
  dependencies:
    regenerator-runtime "^0.12.0"

"@types/async@2.0.50":
  version "2.0.50"
  resolved "https://registry.yarnpkg.com/@types/async/-/async-2.0.50.tgz#117540e026d64e1846093abbd5adc7e27fda7bcb"
  integrity sha512-VMhZMMQgV1zsR+lX/0IBfAk+8Eb7dPVMWiQGFAt3qjo5x7Ml6b77jUo0e1C3ToD+XRDXqtrfw+6AB0uUsPEr3Q==

"@types/zen-observable@^0.8.0":
  version "0.8.0"
  resolved "https://registry.yarnpkg.com/@types/zen-observable/-/zen-observable-0.8.0.tgz#8b63ab7f1aa5321248aad5ac890a485656dcea4d"
  integrity sha512-te5lMAWii1uEJ4FwLjzdlbw3+n0FZNOvFXHxQDKeT0dilh7HOzdMzV2TrJVUzq8ep7J4Na8OUYPRLSQkJHAlrg==

"@vtex/address-form@^3.0.2":
  version "3.0.2"
  resolved "https://registry.yarnpkg.com/@vtex/address-form/-/address-form-3.0.2.tgz#b81dfa36ca77adf77515c4d4e425027e8cb772b2"
  integrity sha512-H9i5I4GHebMp+y5yUCrvrMtscyoubC5LCcEOs518MglY8ISf1KpoPl+gEkMOYhLJC5zf5zUdKFPSPi34HLNWlw==
  dependencies:
    "@vtex/styleguide" "^5.6.2"
    axios "^0.16.2"
    classnames "^2.2.5"
    load-google-maps-api "^1.0.0"
    lodash "^4.17.4"
    msk "1.0.3"
    recompose "^0.27.1"

"@vtex/styleguide@^5.6.2":
  version "5.6.2"
  resolved "https://registry.yarnpkg.com/@vtex/styleguide/-/styleguide-5.6.2.tgz#133ac2d7847b148f4b1bdb836b999cb90d667c22"
  integrity sha512-jeJvB+T8/YuRQzbZ5yeUGdcSk/pg5mgl0w/BzeTNKPLI3zf0NrJ6icTsL55eErej6kWUL4svxz1BkF6d01wFFA==
  dependencies:
    react-responsive-modal "^2.0.1"
    react-virtualized "^9.19.1"
    vtex-tachyons "^2.6.0"

apollo-boost@^0.1.22:
  version "0.1.22"
  resolved "https://registry.yarnpkg.com/apollo-boost/-/apollo-boost-0.1.22.tgz#0b6c607fcb02d06894e925010560b3237d1bce86"
  integrity sha512-JOU2MIhJISOfL/2hWkuBqH7sqNs28ZS8wRVjmcMEJ+DjmF5otVsDBtx+IMp9PEReoznrbSfjo3p4ix4AgtbooA==
  dependencies:
    apollo-cache "^1.1.21"
    apollo-cache-inmemory "^1.3.11"
    apollo-client "^2.4.7"
    apollo-link "^1.0.6"
    apollo-link-error "^1.0.3"
    apollo-link-http "^1.3.1"
    apollo-link-state "^0.4.0"
    graphql-tag "^2.4.2"

apollo-cache-inmemory@^1.3.11:
  version "1.3.11"
  resolved "https://registry.yarnpkg.com/apollo-cache-inmemory/-/apollo-cache-inmemory-1.3.11.tgz#6cb8f24ec812715169f9acbb0b67833f9a19ec90"
  integrity sha512-fSoyjBV5RV57J3i/VHDDB74ZgXc0PFiogheNFHEhC0mL6rg5e/DjTx0Vg+csIBk23gvlzTvV+eypx7Q2NJ+dYg==
  dependencies:
    apollo-cache "^1.1.21"
    apollo-utilities "^1.0.26"
    optimism "^0.6.6"

apollo-cache@1.1.21, apollo-cache@^1.1.21:
  version "1.1.21"
  resolved "https://registry.yarnpkg.com/apollo-cache/-/apollo-cache-1.1.21.tgz#950025e2272741ba8e5064419906e3ac4072925d"
  integrity sha512-5ErNb78KHtrJNimkDBTEigcvHkIqUmS7QJIk4lpZZ+XLVVgvk2fD+GhD1PLP+s8vHfAKVbO6vdbRxCCjGGrh5w==
  dependencies:
    apollo-utilities "^1.0.26"

apollo-client@^2.4.7:
  version "2.4.7"
  resolved "https://registry.yarnpkg.com/apollo-client/-/apollo-client-2.4.7.tgz#b6712fd4c9ba346e3c44cfec7e6868e532b6a957"
  integrity sha512-6aAm+16AFBYZhJF8eKxrup6AbYni01InDiwTfZhMMTP2xaXQWjsQnfaHbI2oE+hd3+AZFy1drkse8RZKghR/WQ==
  dependencies:
    "@types/zen-observable" "^0.8.0"
    apollo-cache "1.1.21"
    apollo-link "^1.0.0"
    apollo-link-dedup "^1.0.0"
    apollo-utilities "1.0.26"
    symbol-observable "^1.0.2"
    zen-observable "^0.8.0"
  optionalDependencies:
    "@types/async" "2.0.50"

apollo-link-dedup@^1.0.0:
  version "1.0.11"
  resolved "https://registry.yarnpkg.com/apollo-link-dedup/-/apollo-link-dedup-1.0.11.tgz#6f34ea748d2834850329ad03111ef18445232b05"
  integrity sha512-RcvkXR0CNbQcsw6LdrPksGa+9YjZ1ghk0k2PKal6rSBCyyqzokcBawXOtoMN8q+0FLR1dGs5GnAQVeucQuY28g==
  dependencies:
    apollo-link "^1.2.4"

apollo-link-error@^1.0.3:
  version "1.1.2"
  resolved "https://registry.yarnpkg.com/apollo-link-error/-/apollo-link-error-1.1.2.tgz#d068fdf99892e6fc65cfe0390db8528d182f9481"
  integrity sha512-zlEZiqQ42E49+BeX3mIKPkMTSlOPrYNEwzSi1MubUiP/Bi6QRP7tzdJXNBnUpkW6MjZJQpfSNZNxK/xwvPiJIw==
  dependencies:
    apollo-link "^1.2.4"

apollo-link-http-common@^0.2.6:
  version "0.2.6"
  resolved "https://registry.yarnpkg.com/apollo-link-http-common/-/apollo-link-http-common-0.2.6.tgz#47b9012500599fe343e2e87378026384b4fc8c1f"
  integrity sha512-LUOMWvrZuBP1hyWLBXyaW0KyFeKo79j+k3N+Q4HSkXKbLibnllXQ+JxxoSKGhm0bhREygiLtJAG9JnGlhxGO/Q==
  dependencies:
    apollo-link "^1.2.4"

apollo-link-http@^1.3.1:
  version "1.5.7"
  resolved "https://registry.yarnpkg.com/apollo-link-http/-/apollo-link-http-1.5.7.tgz#098615c427a910ec8c5817476bbabe68c586b339"
  integrity sha512-EZ9nynHjwYCpGYP5IsRrZGTWidUVpshk7MuSG4joqGtJMwpFCgMQz+y3BHdUhowHtfAd9z60XmeOTG9FJolb8A==
  dependencies:
    apollo-link "^1.2.4"
    apollo-link-http-common "^0.2.6"

apollo-link-state@^0.4.0:
  version "0.4.2"
  resolved "https://registry.yarnpkg.com/apollo-link-state/-/apollo-link-state-0.4.2.tgz#ac00e9be9b0ca89eae0be6ba31fe904b80bbe2e8"
  integrity sha512-xMPcAfuiPVYXaLwC6oJFIZrKgV3GmdO31Ag2eufRoXpvT0AfJZjdaPB4450Nu9TslHRePN9A3quxNueILlQxlw==
  dependencies:
    apollo-utilities "^1.0.8"
    graphql-anywhere "^4.1.0-alpha.0"

apollo-link@^1.0.0, apollo-link@^1.0.6, apollo-link@^1.2.4:
  version "1.2.4"
  resolved "https://registry.yarnpkg.com/apollo-link/-/apollo-link-1.2.4.tgz#ab4d21d2e428db848e88b5e8f4adc717b19c954b"
  integrity sha512-B1z+9H2nTyWEhMXRFSnoZ1vSuAYP+V/EdUJvRx9uZ8yuIBZMm6reyVtr1n0BWlKeSFyPieKJy2RLzmITAAQAMQ==
  dependencies:
    apollo-utilities "^1.0.0"
    zen-observable-ts "^0.8.11"

apollo-utilities@1.0.26, apollo-utilities@^1.0.0, apollo-utilities@^1.0.26, apollo-utilities@^1.0.8:
  version "1.0.26"
  resolved "https://registry.yarnpkg.com/apollo-utilities/-/apollo-utilities-1.0.26.tgz#589c66bf4d16223531351cf667a230c787def1da"
  integrity sha512-URw7o3phymliqYCYatcird2YRPUU2eWCNvip64U9gQrX56mEfK4m99yBIDCMTpmcvOFsKLii1sIEZsHIs/bvnw==
  dependencies:
    fast-json-stable-stringify "^2.0.0"

asap@~2.0.3:
  version "2.0.6"
  resolved "https://registry.yarnpkg.com/asap/-/asap-2.0.6.tgz#e50347611d7e690943208bbdafebcbc2fb866d46"
  integrity sha1-5QNHYR1+aQlDIIu9r+vLwvuGbUY=

axios@^0.16.2:
  version "0.16.2"
  resolved "https://registry.yarnpkg.com/axios/-/axios-0.16.2.tgz#ba4f92f17167dfbab40983785454b9ac149c3c6d"
  integrity sha1-uk+S8XFn37q0CYN4VFS5rBScPG0=
  dependencies:
    follow-redirects "^1.2.3"
    is-buffer "^1.1.5"

babel-runtime@^6.26.0:
  version "6.26.0"
  resolved "https://registry.yarnpkg.com/babel-runtime/-/babel-runtime-6.26.0.tgz#965c7058668e82b55d7bfe04ff2337bc8b5647fe"
  integrity sha1-llxwWGaOgrVde/4E/yM3vItWR/4=
  dependencies:
    core-js "^2.4.0"
    regenerator-runtime "^0.11.0"

brcast@^3.0.1:
  version "3.0.1"
  resolved "https://registry.yarnpkg.com/brcast/-/brcast-3.0.1.tgz#6256a8349b20de9eed44257a9b24d71493cd48dd"
  integrity sha512-eI3yqf9YEqyGl9PCNTR46MGvDylGtaHjalcz6Q3fAPnP/PhpKkkve52vFdfGpwp4VUvK6LUr4TQN+2stCrEwTg==

change-emitter@^0.1.2:
  version "0.1.6"
  resolved "https://registry.yarnpkg.com/change-emitter/-/change-emitter-0.1.6.tgz#e8b2fe3d7f1ab7d69a32199aff91ea6931409515"
  integrity sha1-6LL+PX8at9aaMhma/5HqaTFAlRU=

classnames@^2.2.3, classnames@^2.2.5:
  version "2.2.6"
  resolved "https://registry.yarnpkg.com/classnames/-/classnames-2.2.6.tgz#43935bffdd291f326dad0a205309b38d00f650ce"
  integrity sha512-JR/iSQOSt+LQIWwrwEzJ9uk0xfN3mTVYMwt1Ir5mUcSN6pU+V4zQFFaJsclJbPuAUQH+yfWef6tm7l1quW3C8Q==

core-js@^1.0.0:
  version "1.2.7"
  resolved "https://registry.yarnpkg.com/core-js/-/core-js-1.2.7.tgz#652294c14651db28fa93bd2d5ff2983a4f08c636"
  integrity sha1-ZSKUwUZR2yj6k70tX/KYOk8IxjY=

core-js@^2.4.0:
  version "2.6.1"
  resolved "https://registry.yarnpkg.com/core-js/-/core-js-2.6.1.tgz#87416ae817de957a3f249b3b5ca475d4aaed6042"
  integrity sha512-L72mmmEayPJBejKIWe2pYtGis5r0tQ5NaJekdhyXgeMQTpJoBsH0NL4ElY2LfSoV15xeQWKQ+XTTOZdyero5Xg==

core-js@^2.4.1:
  version "2.6.0"
  resolved "https://registry.yarnpkg.com/core-js/-/core-js-2.6.0.tgz#1e30793e9ee5782b307e37ffa22da0eacddd84d4"
  integrity sha512-kLRC6ncVpuEW/1kwrOXYX6KQASCVtrh1gQr/UiaVgFlf9WE5Vp+lNe5+h3LuMr5PAucWnnEXwH0nQHRH/gpGtw==

css-vendor@^0.3.8:
  version "0.3.8"
  resolved "https://registry.yarnpkg.com/css-vendor/-/css-vendor-0.3.8.tgz#6421cfd3034ce664fe7673972fd0119fc28941fa"
  integrity sha1-ZCHP0wNM5mT+dnOXL9ARn8KJQfo=
  dependencies:
    is-in-browser "^1.0.2"

debug@=3.1.0:
  version "3.1.0"
  resolved "https://registry.yarnpkg.com/debug/-/debug-3.1.0.tgz#5bb5a0672628b64149566ba16819e61518c67261"
  integrity sha512-OX8XqP7/1a9cqkxYw2yXss15f26NKWBpDXQd0/uK/KPqdQhxbPa994hnzjcE2VqQpDslf55723cKPUOGSmMY3g==
  dependencies:
    ms "2.0.0"

"dom-helpers@^2.4.0 || ^3.0.0", dom-helpers@^3.3.1:
  version "3.4.0"
  resolved "https://registry.yarnpkg.com/dom-helpers/-/dom-helpers-3.4.0.tgz#e9b369700f959f62ecde5a6babde4bccd9169af8"
  integrity sha512-LnuPJ+dwqKDIyotW1VzmOZ5TONUN7CwkCR5hrgawTUbkBGYdeoNLZo6nNfGkCrjtE1nXXaj7iMMpDa8/d9WoIA==
  dependencies:
    "@babel/runtime" "^7.1.2"

encoding@^0.1.11:
  version "0.1.12"
  resolved "https://registry.yarnpkg.com/encoding/-/encoding-0.1.12.tgz#538b66f3ee62cd1ab51ec323829d1f9480c74beb"
  integrity sha1-U4tm8+5izRq1HsMjgp0flIDHS+s=
  dependencies:
    iconv-lite "~0.4.13"

fast-json-stable-stringify@^2.0.0:
  version "2.0.0"
  resolved "https://registry.yarnpkg.com/fast-json-stable-stringify/-/fast-json-stable-stringify-2.0.0.tgz#d5142c0caee6b1189f87d3a76111064f86c8bbf2"
  integrity sha1-1RQsDK7msRifh9OnYREGT4bIu/I=

fbjs-css-vars@^1.0.0:
  version "1.0.1"
  resolved "https://registry.yarnpkg.com/fbjs-css-vars/-/fbjs-css-vars-1.0.1.tgz#836d876e887d702f45610f5ebd2fbeef649527fc"
  integrity sha512-IM+v/C40MNZWqsLErc32e0TyIk/NhkkQZL0QmjBh6zi1eXv0/GeVKmKmueQX7nn9SXQBQbTUcB8zuexIF3/88w==

fbjs@^0.8.1:
  version "0.8.17"
  resolved "https://registry.yarnpkg.com/fbjs/-/fbjs-0.8.17.tgz#c4d598ead6949112653d6588b01a5cdcd9f90fdd"
  integrity sha1-xNWY6taUkRJlPWWIsBpc3Nn5D90=
  dependencies:
    core-js "^1.0.0"
    isomorphic-fetch "^2.1.1"
    loose-envify "^1.0.0"
    object-assign "^4.1.0"
    promise "^7.1.1"
    setimmediate "^1.0.5"
    ua-parser-js "^0.7.18"

fbjs@^1.0.0:
  version "1.0.0"
  resolved "https://registry.yarnpkg.com/fbjs/-/fbjs-1.0.0.tgz#52c215e0883a3c86af2a7a776ed51525ae8e0a5a"
  integrity sha512-MUgcMEJaFhCaF1QtWGnmq9ZDRAzECTCRAF7O6UZIlAlkTs1SasiX9aP0Iw7wfD2mJ7wDTNfg2w7u5fSCwJk1OA==
  dependencies:
    core-js "^2.4.1"
    fbjs-css-vars "^1.0.0"
    isomorphic-fetch "^2.1.1"
    loose-envify "^1.0.0"
    object-assign "^4.1.0"
    promise "^7.1.1"
    setimmediate "^1.0.5"
    ua-parser-js "^0.7.18"

follow-redirects@^1.2.3:
  version "1.5.10"
  resolved "https://registry.yarnpkg.com/follow-redirects/-/follow-redirects-1.5.10.tgz#7b7a9f9aea2fdff36786a94ff643ed07f4ff5e2a"
  integrity sha512-0V5l4Cizzvqt5D44aTXbFZz+FtyXV1vrDN6qrelxtfYQKW0KO0W2T/hkE8xvGa/540LkZlkaUjO4ailYTFtHVQ==
  dependencies:
    debug "=3.1.0"

graphql-anywhere@^4.1.0-alpha.0:
  version "4.1.23"
  resolved "https://registry.yarnpkg.com/graphql-anywhere/-/graphql-anywhere-4.1.23.tgz#4275b161432b7c60a36970a1d9840d8c5cc2516e"
  integrity sha512-8wtmwxWmLzAy52Z4WAw9UiYZ4ViiNXM+2DMOSlg2F7WsVstD0v75uOjCLJQUvbld5kHrgzTxter/THFVkGL+Yw==
  dependencies:
    apollo-utilities "^1.0.26"

graphql-tag@^2.10.0, graphql-tag@^2.4.2:
  version "2.10.0"
  resolved "https://registry.yarnpkg.com/graphql-tag/-/graphql-tag-2.10.0.tgz#87da024be863e357551b2b8700e496ee2d4353ae"
  integrity sha512-9FD6cw976TLLf9WYIUPCaaTpniawIjHWZSwIRZSjrfufJamcXbVVYfN2TWvJYbw0Xf2JjYbl1/f2+wDnBVw3/w==

graphql@^14.0.2:
  version "14.0.2"
  resolved "https://registry.yarnpkg.com/graphql/-/graphql-14.0.2.tgz#7dded337a4c3fd2d075692323384034b357f5650"
  integrity sha512-gUC4YYsaiSJT1h40krG3J+USGlwhzNTXSb4IOZljn9ag5Tj+RkoXrWp+Kh7WyE3t1NCfab5kzCuxBIvOMERMXw==
  dependencies:
    iterall "^1.2.2"

hoist-non-react-statics@^2.3.1, hoist-non-react-statics@^2.5.0, hoist-non-react-statics@^2.5.5:
  version "2.5.5"
  resolved "https://registry.yarnpkg.com/hoist-non-react-statics/-/hoist-non-react-statics-2.5.5.tgz#c5903cf409c0dfd908f388e619d86b9c1174cb47"
  integrity sha512-rqcy4pJo55FTTLWt+bU8ukscqHeE/e9KWvsOW2b/a3afxQZhwkQdT1rPPCJ0rYXdj4vNcasY8zHTH+jF/qStxw==

hoist-non-react-statics@^3.0.0:
  version "3.2.1"
  resolved "https://registry.yarnpkg.com/hoist-non-react-statics/-/hoist-non-react-statics-3.2.1.tgz#c09c0555c84b38a7ede6912b61efddafd6e75e1e"
  integrity sha512-TFsu3TV3YLY+zFTZDrN8L2DTFanObwmBLpWvJs1qfUuEQ5bTAdFcwfx2T/bsCXfM9QHSLvjfP+nihEl0yvozxw==
  dependencies:
    react-is "^16.3.2"

hyphenate-style-name@^1.0.2:
  version "1.0.2"
  resolved "https://registry.yarnpkg.com/hyphenate-style-name/-/hyphenate-style-name-1.0.2.tgz#31160a36930adaf1fc04c6074f7eb41465d4ec4b"
  integrity sha1-MRYKNpMK2vH8BMYHT360FGXU7Es=

iconv-lite@~0.4.13:
  version "0.4.24"
  resolved "https://registry.yarnpkg.com/iconv-lite/-/iconv-lite-0.4.24.tgz#2022b4b25fbddc21d2f524974a474aafe733908b"
  integrity sha512-v3MXnZAcvnywkTUEZomIActle7RXXeedOR31wwl7VlyoXO4Qi9arvSenNQWne1TcRwhCL1HwLI21bEqdpj8/rA==
  dependencies:
    safer-buffer ">= 2.1.2 < 3"

immutable-tuple@^0.4.9:
  version "0.4.9"
  resolved "https://registry.yarnpkg.com/immutable-tuple/-/immutable-tuple-0.4.9.tgz#473ebdd6c169c461913a454bf87ef8f601a20ff0"
  integrity sha512-LWbJPZnidF8eczu7XmcnLBsumuyRBkpwIRPCZxlojouhBo5jEBO4toj6n7hMy6IxHU/c+MqDSWkvaTpPlMQcyA==

intl-format-cache@^2.0.5:
  version "2.1.0"
  resolved "https://registry.yarnpkg.com/intl-format-cache/-/intl-format-cache-2.1.0.tgz#04a369fecbfad6da6005bae1f14333332dcf9316"
  integrity sha1-BKNp/sv61tpgBbrh8UMzMy3PkxY=

intl-messageformat-parser@1.4.0:
  version "1.4.0"
  resolved "https://registry.yarnpkg.com/intl-messageformat-parser/-/intl-messageformat-parser-1.4.0.tgz#b43d45a97468cadbe44331d74bb1e8dea44fc075"
  integrity sha1-tD1FqXRoytvkQzHXS7Ho3qRPwHU=

intl-messageformat@^2.0.0, intl-messageformat@^2.1.0:
  version "2.2.0"
  resolved "https://registry.yarnpkg.com/intl-messageformat/-/intl-messageformat-2.2.0.tgz#345bcd46de630b7683330c2e52177ff5eab484fc"
  integrity sha1-NFvNRt5jC3aDMwwuUhd/9eq0hPw=
  dependencies:
    intl-messageformat-parser "1.4.0"

intl-relativeformat@^2.1.0:
  version "2.1.0"
  resolved "https://registry.yarnpkg.com/intl-relativeformat/-/intl-relativeformat-2.1.0.tgz#010f1105802251f40ac47d0e3e1a201348a255df"
  integrity sha1-AQ8RBYAiUfQKxH0OPhogE0iiVd8=
  dependencies:
    intl-messageformat "^2.0.0"

invariant@^2.1.1, invariant@^2.2.2:
  version "2.2.4"
  resolved "https://registry.yarnpkg.com/invariant/-/invariant-2.2.4.tgz#610f3c92c9359ce1db616e538008d23ff35158e6"
  integrity sha512-phJfQVBuaJM5raOpJjSfkiD6BpbCE4Ns//LaXl6wGYtUBY83nWS6Rf9tXm2e8VaK60JEjYldbPif/A2B1C2gNA==
  dependencies:
    loose-envify "^1.0.0"

is-buffer@^1.1.5:
  version "1.1.6"
  resolved "https://registry.yarnpkg.com/is-buffer/-/is-buffer-1.1.6.tgz#efaa2ea9daa0d7ab2ea13a97b2b8ad51fefbe8be"
  integrity sha512-NcdALwpXkTm5Zvvbk7owOUSvVvBKDgKP5/ewfXEznmQFfs4ZRmanOeKBTjRVjka3QFoN6XJ+9F3USqfHqTaU5w==

is-function@^1.0.1:
  version "1.0.1"
  resolved "https://registry.yarnpkg.com/is-function/-/is-function-1.0.1.tgz#12cfb98b65b57dd3d193a3121f5f6e2f437602b5"
  integrity sha1-Es+5i2W1fdPRk6MSH19uL0N2ArU=

is-in-browser@^1.0.2, is-in-browser@^1.1.3:
  version "1.1.3"
  resolved "https://registry.yarnpkg.com/is-in-browser/-/is-in-browser-1.1.3.tgz#56ff4db683a078c6082eb95dad7dc62e1d04f835"
  integrity sha1-Vv9NtoOgeMYILrldrX3GLh0E+DU=

is-plain-object@^2.0.1:
  version "2.0.4"
  resolved "https://registry.yarnpkg.com/is-plain-object/-/is-plain-object-2.0.4.tgz#2c163b3fafb1b606d9d17928f05c2a1c38e07677"
  integrity sha512-h5PpgXkWitc38BBMYawTYMWJHFZJVnBquFE57xFpjB8pJFiF6gZ+bU+WyI/yqXiFR5mdLsgYNaPe8uao6Uv9Og==
  dependencies:
    isobject "^3.0.1"

is-stream@^1.0.1:
  version "1.1.0"
  resolved "https://registry.yarnpkg.com/is-stream/-/is-stream-1.1.0.tgz#12d4a3dd4e68e0b79ceb8dbc84173ae80d91ca44"
  integrity sha1-EtSj3U5o4Lec6428hBc66A2RykQ=

isobject@^3.0.1:
  version "3.0.1"
  resolved "https://registry.yarnpkg.com/isobject/-/isobject-3.0.1.tgz#4e431e92b11a9731636aa1f9c8d1ccbcfdab78df"
  integrity sha1-TkMekrEalzFjaqH5yNHMvP2reN8=

isomorphic-fetch@^2.1.1:
  version "2.2.1"
  resolved "https://registry.yarnpkg.com/isomorphic-fetch/-/isomorphic-fetch-2.2.1.tgz#611ae1acf14f5e81f729507472819fe9733558a9"
  integrity sha1-YRrhrPFPXoH3KVB0coGf6XM1WKk=
  dependencies:
    node-fetch "^1.0.1"
    whatwg-fetch ">=0.10.0"

iterall@^1.2.2:
  version "1.2.2"
  resolved "https://registry.yarnpkg.com/iterall/-/iterall-1.2.2.tgz#92d70deb8028e0c39ff3164fdbf4d8b088130cd7"
  integrity sha512-yynBb1g+RFUPY64fTrFv7nsjRrENBQJaX2UL+2Szc9REFrSNm1rpSXHGzhmAy7a9uv3vlvgBlXnf9RqmPH1/DA==

"js-tokens@^3.0.0 || ^4.0.0":
  version "4.0.0"
  resolved "https://registry.yarnpkg.com/js-tokens/-/js-tokens-4.0.0.tgz#19203fb59991df98e3a287050d4647cdeaf32499"
  integrity sha512-RdJUflcE3cUzKiMqQgsCu06FPu9UdIJO0beYbPhHN4k6apgJtifcoCtT9bcxOpYBtpD2kCM6Sbzg4CausW/PKQ==

jss-camel-case@^6.1.0:
  version "6.1.0"
  resolved "https://registry.yarnpkg.com/jss-camel-case/-/jss-camel-case-6.1.0.tgz#ccb1ff8d6c701c02a1fed6fb6fb6b7896e11ce44"
  integrity sha512-HPF2Q7wmNW1t79mCqSeU2vdd/vFFGpkazwvfHMOhPlMgXrJDzdj9viA2SaHk9ZbD5pfL63a8ylp4++irYbbzMQ==
  dependencies:
    hyphenate-style-name "^1.0.2"

jss-compose@^5.0.0:
  version "5.0.0"
  resolved "https://registry.yarnpkg.com/jss-compose/-/jss-compose-5.0.0.tgz#ce01b2e4521d65c37ea42cf49116e5f7ab596484"
  integrity sha512-YofRYuiA0+VbeOw0VjgkyO380sA4+TWDrW52nSluD9n+1FWOlDzNbgpZ/Sb3Y46+DcAbOS21W5jo6SAqUEiuwA==
  dependencies:
    warning "^3.0.0"

jss-default-unit@^8.0.2:
  version "8.0.2"
  resolved "https://registry.yarnpkg.com/jss-default-unit/-/jss-default-unit-8.0.2.tgz#cc1e889bae4c0b9419327b314ab1c8e2826890e6"
  integrity sha512-WxNHrF/18CdoAGw2H0FqOEvJdREXVXLazn7PQYU7V6/BWkCV0GkmWsppNiExdw8dP4TU1ma1dT9zBNJ95feLmg==

jss-expand@^5.3.0:
  version "5.3.0"
  resolved "https://registry.yarnpkg.com/jss-expand/-/jss-expand-5.3.0.tgz#02be076efe650125c842f5bb6fb68786fe441ed6"
  integrity sha512-NiM4TbDVE0ykXSAw6dfFmB1LIqXP/jdd0ZMnlvlGgEMkMt+weJIl8Ynq1DsuBY9WwkNyzWktdqcEW2VN0RAtQg==

jss-extend@^6.2.0:
  version "6.2.0"
  resolved "https://registry.yarnpkg.com/jss-extend/-/jss-extend-6.2.0.tgz#4af09d0b72fb98ee229970f8ca852fec1ca2a8dc"
  integrity sha512-YszrmcB6o9HOsKPszK7NeDBNNjVyiW864jfoiHoMlgMIg2qlxKw70axZHqgczXHDcoyi/0/ikP1XaHDPRvYtEA==
  dependencies:
    warning "^3.0.0"

jss-global@^3.0.0:
  version "3.0.0"
  resolved "https://registry.yarnpkg.com/jss-global/-/jss-global-3.0.0.tgz#e19e5c91ab2b96353c227e30aa2cbd938cdaafa2"
  integrity sha512-wxYn7vL+TImyQYGAfdplg7yaxnPQ9RaXY/cIA8hawaVnmmWxDHzBK32u1y+RAvWboa3lW83ya3nVZ/C+jyjZ5Q==

jss-nested@^6.0.1:
  version "6.0.1"
  resolved "https://registry.yarnpkg.com/jss-nested/-/jss-nested-6.0.1.tgz#ef992b79d6e8f63d939c4397b9d99b5cbbe824ca"
  integrity sha512-rn964TralHOZxoyEgeq3hXY8hyuCElnvQoVrQwKHVmu55VRDd6IqExAx9be5HgK0yN/+hQdgAXQl/GUrBbbSTA==
  dependencies:
    warning "^3.0.0"

jss-preset-default@^4.3.0:
  version "4.5.0"
  resolved "https://registry.yarnpkg.com/jss-preset-default/-/jss-preset-default-4.5.0.tgz#d3a457012ccd7a551312014e394c23c4b301cadd"
  integrity sha512-qZbpRVtHT7hBPpZEBPFfafZKWmq3tA/An5RNqywDsZQGrlinIF/mGD9lmj6jGqu8GrED2SMHZ3pPKLmjCZoiaQ==
  dependencies:
    jss-camel-case "^6.1.0"
    jss-compose "^5.0.0"
    jss-default-unit "^8.0.2"
    jss-expand "^5.3.0"
    jss-extend "^6.2.0"
    jss-global "^3.0.0"
    jss-nested "^6.0.1"
    jss-props-sort "^6.0.0"
    jss-template "^1.0.1"
    jss-vendor-prefixer "^7.0.0"

jss-props-sort@^6.0.0:
  version "6.0.0"
  resolved "https://registry.yarnpkg.com/jss-props-sort/-/jss-props-sort-6.0.0.tgz#9105101a3b5071fab61e2d85ea74cc22e9b16323"
  integrity sha512-E89UDcrphmI0LzmvYk25Hp4aE5ZBsXqMWlkFXS0EtPkunJkRr+WXdCNYbXbksIPnKlBenGB9OxzQY+mVc70S+g==

jss-template@^1.0.1:
  version "1.0.1"
  resolved "https://registry.yarnpkg.com/jss-template/-/jss-template-1.0.1.tgz#09aed9d86cc547b07f53ef355d7e1777f7da430a"
  integrity sha512-m5BqEWha17fmIVXm1z8xbJhY6GFJxNB9H68GVnCWPyGYfxiAgY9WTQyvDAVj+pYRgrXSOfN5V1T4+SzN1sJTeg==
  dependencies:
    warning "^3.0.0"

jss-vendor-prefixer@^7.0.0:
  version "7.0.0"
  resolved "https://registry.yarnpkg.com/jss-vendor-prefixer/-/jss-vendor-prefixer-7.0.0.tgz#0166729650015ef19d9f02437c73667231605c71"
  integrity sha512-Agd+FKmvsI0HLcYXkvy8GYOw3AAASBUpsmIRvVQheps+JWaN892uFOInTr0DRydwaD91vSSUCU4NssschvF7MA==
  dependencies:
    css-vendor "^0.3.8"

jss@^9.7.0:
  version "9.8.7"
  resolved "https://registry.yarnpkg.com/jss/-/jss-9.8.7.tgz#ed9763fc0f2f0260fc8260dac657af61e622ce05"
  integrity sha512-awj3XRZYxbrmmrx9LUSj5pXSUfm12m8xzi/VKeqI1ZwWBtQ0kVPTs3vYs32t4rFw83CgFDukA8wKzOE9sMQnoQ==
  dependencies:
    is-in-browser "^1.1.3"
    symbol-observable "^1.1.0"
    warning "^3.0.0"

load-google-maps-api@^1.0.0:
  version "1.3.2"
  resolved "https://registry.yarnpkg.com/load-google-maps-api/-/load-google-maps-api-1.3.2.tgz#ae1b0052b9ddf8f5a93486836a9d2b145b9d2205"
  integrity sha512-uc0kW24xpTtw2g1g3qIXGgFF+u2Rlp+7a1Hze7Esuz24tHkbblJH0LZGjRVZuL7mqIxEWp+lP7ANt1/OiZRJbA==

lodash.flowright@^3.5.0:
  version "3.5.0"
  resolved "https://registry.yarnpkg.com/lodash.flowright/-/lodash.flowright-3.5.0.tgz#2b5fff399716d7e7dc5724fe9349f67065184d67"
  integrity sha1-K1//OZcW1+fcVyT+k0n2cGUYTWc=

lodash.isequal@^4.5.0:
  version "4.5.0"
  resolved "https://registry.yarnpkg.com/lodash.isequal/-/lodash.isequal-4.5.0.tgz#415c4478f2bcc30120c22ce10ed3226f7d3e18e0"
  integrity sha1-QVxEePK8wwEgwizhDtMib30+GOA=

lodash@^4.17.4:
  version "4.17.11"
  resolved "https://registry.yarnpkg.com/lodash/-/lodash-4.17.11.tgz#b39ea6229ef607ecd89e2c8df12536891cac9b8d"
  integrity sha512-cQKh8igo5QUhZ7lg38DYWAxMvjSAKG0A8wGSVimP07SIUEK2UO+arSRKbRZWtelMtN5V0Hkwh5ryOto/SshYIg==

loose-envify@^1.0.0, loose-envify@^1.1.0, loose-envify@^1.3.0, loose-envify@^1.3.1, loose-envify@^1.4.0:
  version "1.4.0"
  resolved "https://registry.yarnpkg.com/loose-envify/-/loose-envify-1.4.0.tgz#71ee51fa7be4caec1a63839f7e682d8132d30caf"
  integrity sha512-lyuxPGr/Wfhrlem2CL/UcnUc1zcqKAImBDzukY7Y5F/yQiNdko6+fRLevlw1HgMySw7f611UIY408EtxRSoK3Q==
  dependencies:
    js-tokens "^3.0.0 || ^4.0.0"

ms@2.0.0:
  version "2.0.0"
  resolved "https://registry.yarnpkg.com/ms/-/ms-2.0.0.tgz#5608aeadfc00be6c2901df5f9861788de0d597c8"
  integrity sha1-VgiurfwAvmwpAd9fmGF4jeDVl8g=

msk@1.0.3:
  version "1.0.3"
  resolved "https://registry.yarnpkg.com/msk/-/msk-1.0.3.tgz#8eeb462edb48ca7965ee576b1c8faa6296cd0044"
  integrity sha512-YSalC6IZwQIIjIwxuzN1VsWBvBX9HtDjVNYFNP6e44bWxZJMy8//INZM4qpXbu0nHrX93Res0Q856EkFZU5AmQ==

no-scroll@^2.1.0:
  version "2.1.1"
  resolved "https://registry.yarnpkg.com/no-scroll/-/no-scroll-2.1.1.tgz#f37e08cb159b75a5bdbfc0a87cd9223e120e6e27"
  integrity sha512-YTzGAJOo/B6hkodeT5SKKHpOhAzjMfkUCCXjLJwjWk2F4/InIg+HbdH9kmT7bKpleDuqLZDTRy2OdNtAj0IVyQ==

node-fetch@^1.0.1:
  version "1.7.3"
  resolved "https://registry.yarnpkg.com/node-fetch/-/node-fetch-1.7.3.tgz#980f6f72d85211a5347c6b2bc18c5b84c3eb47ef"
  integrity sha512-NhZ4CsKx7cYm2vSrBAr2PvFOe6sWDf0UYLRqA6svUYg7+/TSfVAu49jYC4BvQ4Sms9SZgdqGBgroqfDhJdTyKQ==
  dependencies:
    encoding "^0.1.11"
    is-stream "^1.0.1"

object-assign@^4.1.0, object-assign@^4.1.1:
  version "4.1.1"
  resolved "https://registry.yarnpkg.com/object-assign/-/object-assign-4.1.1.tgz#2109adc7965887cfc05cbbd442cac8bfbb360863"
  integrity sha1-IQmtx5ZYh8/AXLvUQsrIv7s2CGM=

optimism@^0.6.6:
  version "0.6.8"
  resolved "https://registry.yarnpkg.com/optimism/-/optimism-0.6.8.tgz#0780b546da8cd0a72e5207e0c3706c990c8673a6"
  integrity sha512-bN5n1KCxSqwBDnmgDnzMtQTHdL+uea2HYFx1smvtE+w2AMl0Uy31g0aXnP/Nt85OINnMJPRpJyfRQLTCqn5Weg==
  dependencies:
    immutable-tuple "^0.4.9"

promise@^7.1.1:
  version "7.3.1"
  resolved "https://registry.yarnpkg.com/promise/-/promise-7.3.1.tgz#064b72602b18f90f29192b8b1bc418ffd1ebd3bf"
  integrity sha512-nolQXZ/4L+bP/UGlkfaIujX9BKxGwmQ9OT4mOt5yvy8iK1h3wqTEJCijzGANTCCl9nWjY41juyAn2K3Q1hLLTg==
  dependencies:
    asap "~2.0.3"

prop-types@^15.5.8, prop-types@^15.6.0, prop-types@^15.6.1, prop-types@^15.6.2:
  version "15.6.2"
  resolved "https://registry.yarnpkg.com/prop-types/-/prop-types-15.6.2.tgz#05d5ca77b4453e985d60fc7ff8c859094a497102"
  integrity sha512-3pboPvLiWD7dkI3qf3KbUe6hKFKa52w+AE0VCqECtf+QHAKgOL37tTaNCnuX1nAAQ4ZhyP+kYVKf8rLmJ/feDQ==
  dependencies:
    loose-envify "^1.3.1"
    object-assign "^4.1.1"

react-apollo@^2.3.2:
  version "2.3.2"
  resolved "https://registry.yarnpkg.com/react-apollo/-/react-apollo-2.3.2.tgz#b8e287d2813722b9e0a886cabf8149ab3b84a3b7"
  integrity sha512-3lU9iqmj4KMIZvlWWSuLihxMGLEAL6oNmnSTWrb3/mRP36Zy0zJD4rdaonDx4WzqFYQAnUPaOiFnHGp0UQUTwA==
  dependencies:
    fbjs "^1.0.0"
    hoist-non-react-statics "^3.0.0"
    invariant "^2.2.2"
    lodash.flowright "^3.5.0"
    lodash.isequal "^4.5.0"
    prop-types "^15.6.0"

react-intl@^2.7.2:
  version "2.7.2"
  resolved "https://registry.yarnpkg.com/react-intl/-/react-intl-2.7.2.tgz#efe97e3fc0e99b4e88a6e6150854d3d1852a4381"
  integrity sha512-3dcNGLqEw2FKkX+1L2WYLgjP0MVJkvWuVd1uLcnwifIQe8JQvnd9Bss4hb4Gvg/YhBIRcs4LM6C2bAgyklucjw==
  dependencies:
    hoist-non-react-statics "^2.5.5"
    intl-format-cache "^2.0.5"
    intl-messageformat "^2.1.0"
    intl-relativeformat "^2.1.0"
    invariant "^2.1.1"

react-is@^16.3.2:
  version "16.6.3"
  resolved "https://registry.yarnpkg.com/react-is/-/react-is-16.6.3.tgz#d2d7462fcfcbe6ec0da56ad69047e47e56e7eac0"
  integrity sha512-u7FDWtthB4rWibG/+mFbVd5FvdI20yde86qKGx4lVUTWmPlSWQ4QxbBIrrs+HnXGbxOUlUzTAP/VDmvCwaP2yA==

react-jss@^8.1.0:
  version "8.6.1"
  resolved "https://registry.yarnpkg.com/react-jss/-/react-jss-8.6.1.tgz#a06e2e1d2c4d91b4d11befda865e6c07fbd75252"
  integrity sha512-SH6XrJDJkAphp602J14JTy3puB2Zxz1FkM3bKVE8wON+va99jnUTKWnzGECb3NfIn9JPR5vHykge7K3/A747xQ==
  dependencies:
    hoist-non-react-statics "^2.5.0"
    jss "^9.7.0"
    jss-preset-default "^4.3.0"
    prop-types "^15.6.0"
    theming "^1.3.0"

react-lifecycles-compat@^3.0.2, react-lifecycles-compat@^3.0.4:
  version "3.0.4"
  resolved "https://registry.yarnpkg.com/react-lifecycles-compat/-/react-lifecycles-compat-3.0.4.tgz#4f1a273afdfc8f3488a8c516bfda78f872352362"
  integrity sha512-fBASbA6LnOU9dOU2eW7aQ8xmYBSXUIWr+UmF9b1efZBazGNO+rcXT/icdKnYm2pTwcRylVUYwW7H1PHfLekVzA==

react-minimalist-portal@^2.1.1:
  version "2.3.1"
  resolved "https://registry.yarnpkg.com/react-minimalist-portal/-/react-minimalist-portal-2.3.1.tgz#4853e3f48a74a32c1b8767601887cdf7941eeba3"
  integrity sha1-SFPj9Ip0oywbh2dgGIfN95Qe66M=
  dependencies:
    prop-types "^15.6.1"

react-responsive-modal@^2.0.1:
  version "2.1.0"
  resolved "https://registry.yarnpkg.com/react-responsive-modal/-/react-responsive-modal-2.1.0.tgz#3ed5ef5f7f42872791f09c5e50bc5aae2b06b1a4"
  integrity sha1-PtXvX39ChyeR8JxeULxarisGsaQ=
  dependencies:
    classnames "^2.2.5"
    no-scroll "^2.1.0"
    prop-types "^15.6.0"
    react-jss "^8.1.0"
    react-minimalist-portal "^2.1.1"
    react-transition-group "^2.2.1"

react-transition-group@^2.2.1:
  version "2.5.1"
  resolved "https://registry.yarnpkg.com/react-transition-group/-/react-transition-group-2.5.1.tgz#67fbd8d30ebb1c57a149d554dbb82eabefa61f0d"
  integrity sha512-8x/CxUL9SjYFmUdzsBPTgtKeCxt7QArjNSte0wwiLtF/Ix/o1nWNJooNy5o9XbHIKS31pz7J5VF2l41TwlvbHQ==
  dependencies:
    dom-helpers "^3.3.1"
    loose-envify "^1.4.0"
    prop-types "^15.6.2"
    react-lifecycles-compat "^3.0.4"

react-virtualized@^9.19.1:
  version "9.21.0"
  resolved "https://registry.yarnpkg.com/react-virtualized/-/react-virtualized-9.21.0.tgz#8267c40ffb48db35b242a36dea85edcf280a6506"
  integrity sha512-duKD2HvO33mqld4EtQKm9H9H0p+xce1c++2D5xn59Ma7P8VT7CprfAe5hwjd1OGkyhqzOZiTMlTal7LxjH5yBQ==
  dependencies:
    babel-runtime "^6.26.0"
    classnames "^2.2.3"
    dom-helpers "^2.4.0 || ^3.0.0"
    loose-envify "^1.3.0"
    prop-types "^15.6.0"
    react-lifecycles-compat "^3.0.4"

react@^16.6.3:
  version "16.6.3"
  resolved "https://registry.yarnpkg.com/react/-/react-16.6.3.tgz#25d77c91911d6bbdd23db41e70fb094cc1e0871c"
  integrity sha512-zCvmH2vbEolgKxtqXL2wmGCUxUyNheYn/C+PD1YAjfxHC54+MhdruyhO7QieQrYsYeTxrn93PM2y0jRH1zEExw==
  dependencies:
    loose-envify "^1.1.0"
    object-assign "^4.1.1"
    prop-types "^15.6.2"
    scheduler "^0.11.2"

recompose@^0.27.1:
  version "0.27.1"
  resolved "https://registry.yarnpkg.com/recompose/-/recompose-0.27.1.tgz#1a49e931f183634516633bbb4f4edbfd3f38a7ba"
  integrity sha512-p7xsyi/rfNjHfdP7vPU02uSFa+Q1eHhjKrvO+3+kRP4Ortj+MxEmpmd+UQtBGM2D2iNAjzNI5rCyBKp9Ob5McA==
  dependencies:
    babel-runtime "^6.26.0"
    change-emitter "^0.1.2"
    fbjs "^0.8.1"
    hoist-non-react-statics "^2.3.1"
    react-lifecycles-compat "^3.0.2"
    symbol-observable "^1.0.4"

regenerator-runtime@^0.11.0:
  version "0.11.1"
  resolved "https://registry.yarnpkg.com/regenerator-runtime/-/regenerator-runtime-0.11.1.tgz#be05ad7f9bf7d22e056f9726cee5017fbf19e2e9"
  integrity sha512-MguG95oij0fC3QV3URf4V2SDYGJhJnJGqvIIgdECeODCT98wSWDAJ94SSuVpYQUoTcGUIL6L4yNB7j1DFFHSBg==

regenerator-runtime@^0.12.0:
  version "0.12.1"
  resolved "https://registry.yarnpkg.com/regenerator-runtime/-/regenerator-runtime-0.12.1.tgz#fa1a71544764c036f8c49b13a08b2594c9f8a0de"
  integrity sha512-odxIc1/vDlo4iZcfXqRYFj0vpXFNoGdKMAUieAlFYO6m/nl5e9KR/beGf41z4a1FI+aQgtjhuaSlDxQ0hmkrHg==

"safer-buffer@>= 2.1.2 < 3":
  version "2.1.2"
  resolved "https://registry.yarnpkg.com/safer-buffer/-/safer-buffer-2.1.2.tgz#44fa161b0187b9549dd84bb91802f9bd8385cd6a"
  integrity sha512-YZo3K82SD7Riyi0E1EQPojLz7kpepnSQI9IyPbHHg1XXXevb5dJI7tpyN2ADxGcQbHG7vcyRHk0cbwqcQriUtg==

scheduler@^0.11.2:
  version "0.11.3"
  resolved "https://registry.yarnpkg.com/scheduler/-/scheduler-0.11.3.tgz#b5769b90cf8b1464f3f3cfcafe8e3cd7555a2d6b"
  integrity sha512-i9X9VRRVZDd3xZw10NY5Z2cVMbdYg6gqFecfj79USv1CFN+YrJ3gIPRKf1qlY+Sxly4djoKdfx1T+m9dnRB8kQ==
  dependencies:
    loose-envify "^1.1.0"
    object-assign "^4.1.1"

setimmediate@^1.0.5:
  version "1.0.5"
  resolved "https://registry.yarnpkg.com/setimmediate/-/setimmediate-1.0.5.tgz#290cbb232e306942d7d7ea9b83732ab7856f8285"
  integrity sha1-KQy7Iy4waULX1+qbg3Mqt4VvgoU=

symbol-observable@^1.0.2, symbol-observable@^1.0.4, symbol-observable@^1.1.0:
  version "1.2.0"
  resolved "https://registry.yarnpkg.com/symbol-observable/-/symbol-observable-1.2.0.tgz#c22688aed4eab3cdc2dfeacbb561660560a00804"
  integrity sha512-e900nM8RRtGhlV36KGEU9k65K3mPb1WV70OdjfxlG2EAuM1noi/E/BaW/uMhL7bPEssK8QV57vN3esixjUvcXQ==

theming@^1.3.0:
  version "1.3.0"
  resolved "https://registry.yarnpkg.com/theming/-/theming-1.3.0.tgz#286d5bae80be890d0adc645e5ca0498723725bdc"
  integrity sha512-ya5Ef7XDGbTPBv5ENTwrwkPUexrlPeiAg/EI9kdlUAZhNlRbCdhMKRgjNX1IcmsmiPcqDQZE6BpSaH+cr31FKw==
  dependencies:
    brcast "^3.0.1"
    is-function "^1.0.1"
    is-plain-object "^2.0.1"
    prop-types "^15.5.8"

ua-parser-js@^0.7.18:
  version "0.7.19"
  resolved "https://registry.yarnpkg.com/ua-parser-js/-/ua-parser-js-0.7.19.tgz#94151be4c0a7fb1d001af7022fdaca4642659e4b"
  integrity sha512-T3PVJ6uz8i0HzPxOF9SWzWAlfN/DavlpQqepn22xgve/5QecC+XMCAtmUNnY7C9StehaV6exjUCI801lOI7QlQ==

vtex-tachyons@^2.6.0:
  version "2.10.0"
  resolved "https://registry.yarnpkg.com/vtex-tachyons/-/vtex-tachyons-2.10.0.tgz#d72363dcd77d0960cb23efc82e0e8d168714f153"
  integrity sha512-WWEOR4iyrMQ2fzp+EActa5ZLaYSMdPk2yxP8XQRhg+q+QnbFH2EKGayjkea4okXRDE7KTKQZdLF3GlB/HaXOow==

warning@^3.0.0:
  version "3.0.0"
  resolved "https://registry.yarnpkg.com/warning/-/warning-3.0.0.tgz#32e5377cb572de4ab04753bdf8821c01ed605b7c"
  integrity sha1-MuU3fLVy3kqwR1O9+IIcAe1gW3w=
  dependencies:
    loose-envify "^1.0.0"

whatwg-fetch@>=0.10.0:
  version "3.0.0"
  resolved "https://registry.yarnpkg.com/whatwg-fetch/-/whatwg-fetch-3.0.0.tgz#fc804e458cc460009b1a2b966bc8817d2578aefb"
  integrity sha512-9GSJUgz1D4MfyKU7KRqwOjXCXTqWdFNvEr7eUBYchQiVc744mqK/MzXPNR2WsPkmkOa4ywfg8C2n8h+13Bey1Q==

zen-observable-ts@^0.8.11:
  version "0.8.11"
  resolved "https://registry.yarnpkg.com/zen-observable-ts/-/zen-observable-ts-0.8.11.tgz#d54a27cd17dc4b4bb6bd008e5c096af7fcb068a9"
  integrity sha512-8bs7rgGV4kz5iTb9isudkuQjtWwPnQ8lXq6/T76vrepYZVMsDEv6BXaEA+DHdJSK3KVLduagi9jSpSAJ5NgKHw==
  dependencies:
    zen-observable "^0.8.0"

zen-observable@^0.8.0:
  version "0.8.11"
  resolved "https://registry.yarnpkg.com/zen-observable/-/zen-observable-0.8.11.tgz#d3415885eeeb42ee5abb9821c95bb518fcd6d199"
  integrity sha512-N3xXQVr4L61rZvGMpWe8XoCGX8vhU35dPyQ4fm5CY/KDlG0F75un14hjbckPXTDuKUY6V0dqR2giT6xN8Y4GEQ==
